
Microsoft Visual Studio Solution File, Format Version 12.00
# Visual Studio 2013
VisualStudioVersion = 12.0.30723.0
MinimumVisualStudioVersion = 10.0.40219.1
Project("{FAE04EC0-301F-11D3-BF4B-00C04F79EFBC}") = "Shell", "Shell\Shell.csproj", "{4FE09557-BA95-4E51-84E9-F87C6382271F}"
EndProject
Project("{2150E333-8FDC-42A3-9474-1A3956D46DE8}") = ".nuget", ".nuget", "{1E135B05-EDCE-46B6-B072-C7C3898C6FFB}"
	ProjectSection(SolutionItems) = preProject
		.nuget\NuGet.Config = .nuget\NuGet.Config
		.nuget\NuGet.exe = .nuget\NuGet.exe
		.nuget\NuGet.targets = .nuget\NuGet.targets
	EndProjectSection
EndProject
Project("{FAE04EC0-301F-11D3-BF4B-00C04F79EFBC}") = "ModuleA", "ModuleA\ModuleA.csproj", "{CB1AB512-12AD-48EC-BB95-0B35F41AD1F2}"
EndProject
Project("{FAE04EC0-301F-11D3-BF4B-00C04F79EFBC}") = "ModuleB", "ModuleB\ModuleB.csproj", "{12BE62DD-45A3-4E29-B377-AADD81D35ABE}"
EndProject
Global
	GlobalSection(SolutionConfigurationPlatforms) = preSolution
		Debug|Any CPU = Debug|Any CPU
		Release|Any CPU = Release|Any CPU
	EndGlobalSection
	GlobalSection(ProjectConfigurationPlatforms) = postSolution
		{4FE09557-BA95-4E51-84E9-F87C6382271F}.Debug|Any CPU.ActiveCfg = Debug|Any CPU
		{4FE09557-BA95-4E51-84E9-F87C6382271F}.Debug|Any CPU.Build.0 = Debug|Any CPU
		{4FE09557-BA95-4E51-84E9-F87C6382271F}.Release|Any CPU.ActiveCfg = Release|Any CPU
		{4FE09557-BA95-4E51-84E9-F87C6382271F}.Release|Any CPU.Build.0 = Release|Any CPU
		{CB1AB512-12AD-48EC-BB95-0B35F41AD1F2}.Debug|Any CPU.ActiveCfg = Debug|Any CPU
		{CB1AB512-12AD-48EC-BB95-0B35F41AD1F2}.Debug|Any CPU.Build.0 = Debug|Any CPU
		{CB1AB512-12AD-48EC-BB95-0B35F41AD1F2}.Release|Any CPU.ActiveCfg = Release|Any CPU
		{CB1AB512-12AD-48EC-BB95-0B35F41AD1F2}.Release|Any CPU.Build.0 = Release|Any CPU
		{12BE62DD-45A3-4E29-B377-AADD81D35ABE}.Debug|Any CPU.ActiveCfg = Debug|Any CPU
		{12BE62DD-45A3-4E29-B377-AADD81D35ABE}.Debug|Any CPU.Build.0 = Debug|Any CPU
		{12BE62DD-45A3-4E29-B377-AADD81D35ABE}.Release|Any CPU.ActiveCfg = Release|Any CPU
		{12BE62DD-45A3-4E29-B377-AADD81D35ABE}.Release|Any CPU.Build.0 = Release|Any CPU
	EndGlobalSection
	GlobalSection(SolutionProperties) = preSolution
		HideSolutionNode = FALSE
	EndGlobalSection
EndGlobal
